PODS:
  - Alamofire (5.3.0)
  - SVProgressHUD (2.2.5)

DEPENDENCIES:
  - Alamofire
  - SVProgressHUD

SPEC REPOS:
  trunk:
    - Alamofire
    - SVProgressHUD

SPEC CHECKSUMS:
  Alamofire: 2c792affbdc2f18016e08fdbcacd60aebe1ba593
  SVProgressHUD: 1428aafac632c1f86f62aa4243ec12008d7a51d6

PODFILE CHECKSUM: b8e3932e812c0ca5f738ccca3806a0ea1f412748

COCOAPODS: 1.10.0
